dependencies:
  espressif/esp_websocket_client:
    component_hash: 
      ac62982fcf9b266409c2299d2b6b1844122105b35163a3b7f8d0adaa9f7eb989
    dependencies:
    - name: idf
      require: private
      version: '>=5.0'
    source:
      registry_url: https://components.espressif.com/
      type: service
    version: 1.5.0
  idf:
    source:
      type: idf
    version: 6.1.0
direct_dependencies:
- espressif/esp_websocket_client
- idf
manifest_hash: b93c1722496bd244b13e6ea8d46114ad6a93f0d42eab5a76cc4a46295eb136ce
target: esp32
version: 2.0.0
